
Microsoft Visual Studio Solution File, Format Version 12.00
# Visual Studio Version 17
VisualStudioVersion = 17.14.36127.28 d17.14
MinimumVisualStudioVersion = 10.0.40219.1
Project("{FAE04EC0-301F-11D3-BF4B-00C04F79EFBC}") = "AgendamentoEventos", "AgendamentoEventos\AgendamentoEventos.csproj", "{0C0F8A39-F277-4530-A41E-4518C3ADDA4D}"
EndProject
Global
	GlobalSection(SolutionConfigurationPlatforms) = preSolution
		Debug|Any CPU = Debug|Any CPU
		Release|Any CPU = Release|Any CPU
	EndGlobalSection
	GlobalSection(ProjectConfigurationPlatforms) = postSolution
		{0C0F8A39-F277-4530-A41E-4518C3ADDA4D}.Debug|Any CPU.ActiveCfg = Debug|Any CPU
		{0C0F8A39-F277-4530-A41E-4518C3ADDA4D}.Debug|Any CPU.Build.0 = Debug|Any CPU
		{0C0F8A39-F277-4530-A41E-4518C3ADDA4D}.Release|Any CPU.ActiveCfg = Release|Any CPU
		{0C0F8A39-F277-4530-A41E-4518C3ADDA4D}.Release|Any CPU.Build.0 = Release|Any CPU
	EndGlobalSection
	GlobalSection(SolutionProperties) = preSolution
		HideSolutionNode = FALSE
	EndGlobalSection
	GlobalSection(ExtensibilityGlobals) = postSolution
		SolutionGuid = {8CD7A111-30A2-4F63-B024-B03ABC5C4E58}
	EndGlobalSection
EndGlobal
